
Microsoft Visual Studio Solution File, Format Version 12.00
# Visual Studio Version 17
VisualStudioVersion = 17.0.31903.59
MinimumVisualStudioVersion = 10.0.40219.1
Project("{FAE04EC0-301F-11D3-BF4B-00C04F79EFBC}") = "LifeBarBuddy", "LifeBarBuddy\LifeBarBuddy.csproj", "{12BBF533-3840-41CA-9263-FCBE90FDD6AB}"
EndProject
Project("{FAE04EC0-301F-11D3-BF4B-00C04F79EFBC}") = "LifeBarBuddySample", "LifeBarBuddySample\LifeBarBuddySample.csproj", "{06FC8B7F-1993-4FDA-9380-6CB0D033AB3D}"
EndProject
Global
	GlobalSection(SolutionConfigurationPlatforms) = preSolution
		Debug|Any CPU = Debug|Any CPU
		Debug|x64 = Debug|x64
		Debug|x86 = Debug|x86
		Release|Any CPU = Release|Any CPU
		Release|x64 = Release|x64
		Release|x86 = Release|x86
	EndGlobalSection
	GlobalSection(ProjectConfigurationPlatforms) = postSolution
		{12BBF533-3840-41CA-9263-FCBE90FDD6AB}.Debug|Any CPU.ActiveCfg = Debug|Any CPU
		{12BBF533-3840-41CA-9263-FCBE90FDD6AB}.Debug|Any CPU.Build.0 = Debug|Any CPU
		{12BBF533-3840-41CA-9263-FCBE90FDD6AB}.Debug|x64.ActiveCfg = Debug|Any CPU
		{12BBF533-3840-41CA-9263-FCBE90FDD6AB}.Debug|x64.Build.0 = Debug|Any CPU
		{12BBF533-3840-41CA-9263-FCBE90FDD6AB}.Debug|x86.ActiveCfg = Debug|Any CPU
		{12BBF533-3840-41CA-9263-FCBE90FDD6AB}.Debug|x86.Build.0 = Debug|Any CPU
		{12BBF533-3840-41CA-9263-FCBE90FDD6AB}.Release|Any CPU.ActiveCfg = Release|Any CPU
		{12BBF533-3840-41CA-9263-FCBE90FDD6AB}.Release|Any CPU.Build.0 = Release|Any CPU
		{12BBF533-3840-41CA-9263-FCBE90FDD6AB}.Release|x64.ActiveCfg = Release|Any CPU
		{12BBF533-3840-41CA-9263-FCBE90FDD6AB}.Release|x64.Build.0 = Release|Any CPU
		{12BBF533-3840-41CA-9263-FCBE90FDD6AB}.Release|x86.ActiveCfg = Release|Any CPU
		{12BBF533-3840-41CA-9263-FCBE90FDD6AB}.Release|x86.Build.0 = Release|Any CPU
		{06FC8B7F-1993-4FDA-9380-6CB0D033AB3D}.Debug|Any CPU.ActiveCfg = Debug|Any CPU
		{06FC8B7F-1993-4FDA-9380-6CB0D033AB3D}.Debug|Any CPU.Build.0 = Debug|Any CPU
		{06FC8B7F-1993-4FDA-9380-6CB0D033AB3D}.Debug|x64.ActiveCfg = Debug|Any CPU
		{06FC8B7F-1993-4FDA-9380-6CB0D033AB3D}.Debug|x64.Build.0 = Debug|Any CPU
		{06FC8B7F-1993-4FDA-9380-6CB0D033AB3D}.Debug|x86.ActiveCfg = Debug|Any CPU
		{06FC8B7F-1993-4FDA-9380-6CB0D033AB3D}.Debug|x86.Build.0 = Debug|Any CPU
		{06FC8B7F-1993-4FDA-9380-6CB0D033AB3D}.Release|Any CPU.ActiveCfg = Release|Any CPU
		{06FC8B7F-1993-4FDA-9380-6CB0D033AB3D}.Release|Any CPU.Build.0 = Release|Any CPU
		{06FC8B7F-1993-4FDA-9380-6CB0D033AB3D}.Release|x64.ActiveCfg = Release|Any CPU
		{06FC8B7F-1993-4FDA-9380-6CB0D033AB3D}.Release|x64.Build.0 = Release|Any CPU
		{06FC8B7F-1993-4FDA-9380-6CB0D033AB3D}.Release|x86.ActiveCfg = Release|Any CPU
		{06FC8B7F-1993-4FDA-9380-6CB0D033AB3D}.Release|x86.Build.0 = Release|Any CPU
	EndGlobalSection
	GlobalSection(SolutionProperties) = preSolution
		HideSolutionNode = FALSE
	EndGlobalSection
EndGlobal
